
Microsoft Visual Studio Solution File, Format Version 12.00
# Visual Studio Version 17
VisualStudioVersion = 17.9.34616.47
MinimumVisualStudioVersion = 10.0.40219.1
Project("{FAE04EC0-301F-11D3-BF4B-00C04F79EFBC}") = "DesignTest", "DesignTest\DesignTest.csproj", "{C92A42D2-8968-4E14-AFD2-A20542A84A3A}"
EndProject
Global
	GlobalSection(SolutionConfigurationPlatforms) = preSolution
		Debug|Any CPU = Debug|Any CPU
		Release|Any CPU = Release|Any CPU
	EndGlobalSection
	GlobalSection(ProjectConfigurationPlatforms) = postSolution
		{C92A42D2-8968-4E14-AFD2-A20542A84A3A}.Debug|Any CPU.ActiveCfg = Debug|Any CPU
		{C92A42D2-8968-4E14-AFD2-A20542A84A3A}.Debug|Any CPU.Build.0 = Debug|Any CPU
		{C92A42D2-8968-4E14-AFD2-A20542A84A3A}.Release|Any CPU.ActiveCfg = Release|Any CPU
		{C92A42D2-8968-4E14-AFD2-A20542A84A3A}.Release|Any CPU.Build.0 = Release|Any CPU
	EndGlobalSection
	GlobalSection(SolutionProperties) = preSolution
		HideSolutionNode = FALSE
	EndGlobalSection
	GlobalSection(ExtensibilityGlobals) = postSolution
		SolutionGuid = {B37A7FF1-9FD5-428A-988F-E9ABF502884A}
	EndGlobalSection
EndGlobal
